schema: '2.0'
stages:
  prepare:
    cmd: python src/dataset_utils.py data/raw/spanish.zip
    deps:
    - path: data/raw/spanish.zip
      hash: md5
      md5: fc800ba0b53e25ebed8206d3f76bc331
      size: 832638411
    - path: src/dataset_utils.py
      hash: md5
      md5: 5f52cd91c099c1a0b5137bc306597067
      size: 637
